
Microsoft Visual Studio Solution File, Format Version 12.00
# Visual Studio Version 16
VisualStudioVersion = 16.0.28803.202
MinimumVisualStudioVersion = 10.0.40219.1
Project("{FAE04EC0-301F-11D3-BF4B-00C04F79EFBC}") = "CatLib.Core", "src\CatLib.Core\CatLib.Core.csproj", "{C99EA95A-3D04-4588-97E5-D81078EE85BD}"
EndProject
Project("{FAE04EC0-301F-11D3-BF4B-00C04F79EFBC}") = "CatLib.Core.Tests", "src\CatLib.Core.Tests\CatLib.Core.Tests.csproj", "{2E89486C-7A92-4C94-8F3E-D8DC1F5C883B}"
EndProject
Global
	GlobalSection(SolutionConfigurationPlatforms) = preSolution
		Debug|Any CPU = Debug|Any CPU
		Release|Any CPU = Release|Any CPU
	EndGlobalSection
	GlobalSection(ProjectConfigurationPlatforms) = postSolution
		{C99EA95A-3D04-4588-97E5-D81078EE85BD}.Debug|Any CPU.ActiveCfg = Debug|Any CPU
		{C99EA95A-3D04-4588-97E5-D81078EE85BD}.Debug|Any CPU.Build.0 = Debug|Any CPU
		{C99EA95A-3D04-4588-97E5-D81078EE85BD}.Release|Any CPU.ActiveCfg = Release|Any CPU
		{C99EA95A-3D04-4588-97E5-D81078EE85BD}.Release|Any CPU.Build.0 = Release|Any CPU
		{2E89486C-7A92-4C94-8F3E-D8DC1F5C883B}.Debug|Any CPU.ActiveCfg = Debug|Any CPU
		{2E89486C-7A92-4C94-8F3E-D8DC1F5C883B}.Debug|Any CPU.Build.0 = Debug|Any CPU
		{2E89486C-7A92-4C94-8F3E-D8DC1F5C883B}.Release|Any CPU.ActiveCfg = Release|Any CPU
		{2E89486C-7A92-4C94-8F3E-D8DC1F5C883B}.Release|Any CPU.Build.0 = Release|Any CPU
	EndGlobalSection
	GlobalSection(SolutionProperties) = preSolution
		HideSolutionNode = FALSE
	EndGlobalSection
	GlobalSection(ExtensibilityGlobals) = postSolution
		SolutionGuid = {BD9525ED-3010-4A67-B726-6FB2960FEC30}
	EndGlobalSection
EndGlobal
